
Microsoft Visual Studio Solution File, Format Version 12.00
# Visual Studio Version 16
VisualStudioVersion = 16.0.32228.343
MinimumVisualStudioVersion = 10.0.40219.1
Project("{FAE04EC0-301F-11D3-BF4B-00C04F79EFBC}") = "GroupAssignment", "GroupAssignment.csproj", "{87F66AA4-B695-4126-A890-26E0D56B5315}"
EndProject
Global
	GlobalSection(SolutionConfigurationPlatforms) = preSolution
		Debug|Any CPU = Debug|Any CPU
		Release|Any CPU = Release|Any CPU
	EndGlobalSection
	GlobalSection(ProjectConfigurationPlatforms) = postSolution
		{87F66AA4-B695-4126-A890-26E0D56B5315}.Debug|Any CPU.ActiveCfg = Debug|Any CPU
		{87F66AA4-B695-4126-A890-26E0D56B5315}.Debug|Any CPU.Build.0 = Debug|Any CPU
		{87F66AA4-B695-4126-A890-26E0D56B5315}.Release|Any CPU.ActiveCfg = Release|Any CPU
		{87F66AA4-B695-4126-A890-26E0D56B5315}.Release|Any CPU.Build.0 = Release|Any CPU
	EndGlobalSection
	GlobalSection(SolutionProperties) = preSolution
		HideSolutionNode = FALSE
	EndGlobalSection
	GlobalSection(ExtensibilityGlobals) = postSolution
		SolutionGuid = {F093222B-C016-4A3C-963B-9A72E8EF64F6}
	EndGlobalSection
EndGlobal
